
Microsoft Visual Studio Solution File, Format Version 12.00
# Visual Studio Version 16
VisualStudioVersion = 16.0.29411.108
MinimumVisualStudioVersion = 10.0.40219.1
Project("{FAE04EC0-301F-11D3-BF4B-00C04F79EFBC}") = "IceCreamShopView", "IceCreamShopView\IceCreamShopView.csproj", "{5B3B556F-CF76-4275-9839-2A49B036E68D}"
EndProject
Project("{9A19103F-16F7-4668-BE54-9A1E7A4F7556}") = "IceCreamShopBusinessLogic", "IceCreamBusinessLogic\IceCreamShopBusinessLogic.csproj", "{5A9C1D07-010D-478F-B25D-827CE8A29EE4}"
EndProject
Project("{9A19103F-16F7-4668-BE54-9A1E7A4F7556}") = "IceCreamShopListImplement", "IceCreamShopListImplement\IceCreamShopListImplement.csproj", "{3C12994C-FD5B-478D-B4DC-76021EEAA1C8}"
EndProject
Project("{9A19103F-16F7-4668-BE54-9A1E7A4F7556}") = "IceCreamFileImplement", "IceCreamFileImplement\IceCreamFileImplement.csproj", "{25A8A0BF-EE70-493D-A9CA-3C4482CA2C2F}"
EndProject
Project("{9A19103F-16F7-4668-BE54-9A1E7A4F7556}") = "IceCreamDatabaseImplement", "IceCreamDatabaseImplement\IceCreamDatabaseImplement.csproj", "{50BB7C1B-2B23-4C93-ADD4-3B3EE150279B}"
EndProject
Project("{9A19103F-16F7-4668-BE54-9A1E7A4F7556}") = "IceCreamRestApi", "IceCreamRestApi\IceCreamRestApi.csproj", "{6EEDB4D8-4FD3-4778-89DF-014ADD18B78D}"
EndProject
Project("{9A19103F-16F7-4668-BE54-9A1E7A4F7556}") = "IceCreamClientApp", "IceCreamClientApp\IceCreamClientApp.csproj", "{B76C0ED3-AAE4-45D5-89C8-76B3AF7F79EA}"
EndProject
Project("{FAE04EC0-301F-11D3-BF4B-00C04F79EFBC}") = "WareHouseWebApp", "WareHouseWebApp\WareHouseWebApp.csproj", "{1A9D591A-656A-4D8E-BD3A-B71C6AEA1C61}"
EndProject
Global
	GlobalSection(SolutionConfigurationPlatforms) = preSolution
		Debug|Any CPU = Debug|Any CPU
		Release|Any CPU = Release|Any CPU
	EndGlobalSection
	GlobalSection(ProjectConfigurationPlatforms) = postSolution
		{5B3B556F-CF76-4275-9839-2A49B036E68D}.Debug|Any CPU.ActiveCfg = Debug|Any CPU
		{5B3B556F-CF76-4275-9839-2A49B036E68D}.Debug|Any CPU.Build.0 = Debug|Any CPU
		{5B3B556F-CF76-4275-9839-2A49B036E68D}.Release|Any CPU.ActiveCfg = Release|Any CPU
		{5B3B556F-CF76-4275-9839-2A49B036E68D}.Release|Any CPU.Build.0 = Release|Any CPU
		{5A9C1D07-010D-478F-B25D-827CE8A29EE4}.Debug|Any CPU.ActiveCfg = Debug|Any CPU
		{5A9C1D07-010D-478F-B25D-827CE8A29EE4}.Debug|Any CPU.Build.0 = Debug|Any CPU
		{5A9C1D07-010D-478F-B25D-827CE8A29EE4}.Release|Any CPU.ActiveCfg = Release|Any CPU
		{5A9C1D07-010D-478F-B25D-827CE8A29EE4}.Release|Any CPU.Build.0 = Release|Any CPU
		{3C12994C-FD5B-478D-B4DC-76021EEAA1C8}.Debug|Any CPU.ActiveCfg = Debug|Any CPU
		{3C12994C-FD5B-478D-B4DC-76021EEAA1C8}.Debug|Any CPU.Build.0 = Debug|Any CPU
		{3C12994C-FD5B-478D-B4DC-76021EEAA1C8}.Release|Any CPU.ActiveCfg = Release|Any CPU
		{3C12994C-FD5B-478D-B4DC-76021EEAA1C8}.Release|Any CPU.Build.0 = Release|Any CPU
		{25A8A0BF-EE70-493D-A9CA-3C4482CA2C2F}.Debug|Any CPU.ActiveCfg = Debug|Any CPU
		{25A8A0BF-EE70-493D-A9CA-3C4482CA2C2F}.Debug|Any CPU.Build.0 = Debug|Any CPU
		{25A8A0BF-EE70-493D-A9CA-3C4482CA2C2F}.Release|Any CPU.ActiveCfg = Release|Any CPU
		{25A8A0BF-EE70-493D-A9CA-3C4482CA2C2F}.Release|Any CPU.Build.0 = Release|Any CPU
		{50BB7C1B-2B23-4C93-ADD4-3B3EE150279B}.Debug|Any CPU.ActiveCfg = Debug|Any CPU
		{50BB7C1B-2B23-4C93-ADD4-3B3EE150279B}.Debug|Any CPU.Build.0 = Debug|Any CPU
		{50BB7C1B-2B23-4C93-ADD4-3B3EE150279B}.Release|Any CPU.ActiveCfg = Release|Any CPU
		{50BB7C1B-2B23-4C93-ADD4-3B3EE150279B}.Release|Any CPU.Build.0 = Release|Any CPU
		{6EEDB4D8-4FD3-4778-89DF-014ADD18B78D}.Debug|Any CPU.ActiveCfg = Debug|Any CPU
		{6EEDB4D8-4FD3-4778-89DF-014ADD18B78D}.Debug|Any CPU.Build.0 = Debug|Any CPU
		{6EEDB4D8-4FD3-4778-89DF-014ADD18B78D}.Release|Any CPU.ActiveCfg = Release|Any CPU
		{6EEDB4D8-4FD3-4778-89DF-014ADD18B78D}.Release|Any CPU.Build.0 = Release|Any CPU
		{B76C0ED3-AAE4-45D5-89C8-76B3AF7F79EA}.Debug|Any CPU.ActiveCfg = Debug|Any CPU
		{B76C0ED3-AAE4-45D5-89C8-76B3AF7F79EA}.Debug|Any CPU.Build.0 = Debug|Any CPU
		{B76C0ED3-AAE4-45D5-89C8-76B3AF7F79EA}.Release|Any CPU.ActiveCfg = Release|Any CPU
		{B76C0ED3-AAE4-45D5-89C8-76B3AF7F79EA}.Release|Any CPU.Build.0 = Release|Any CPU
		{1A9D591A-656A-4D8E-BD3A-B71C6AEA1C61}.Debug|Any CPU.ActiveCfg = Debug|Any CPU
		{1A9D591A-656A-4D8E-BD3A-B71C6AEA1C61}.Debug|Any CPU.Build.0 = Debug|Any CPU
		{1A9D591A-656A-4D8E-BD3A-B71C6AEA1C61}.Release|Any CPU.ActiveCfg = Release|Any CPU
		{1A9D591A-656A-4D8E-BD3A-B71C6AEA1C61}.Release|Any CPU.Build.0 = Release|Any CPU
	EndGlobalSection
	GlobalSection(SolutionProperties) = preSolution
		HideSolutionNode = FALSE
	EndGlobalSection
	GlobalSection(ExtensibilityGlobals) = postSolution
		SolutionGuid = {1281722A-D8B2-4BD9-9D0C-5A1365DD1964}
	EndGlobalSection
EndGlobal
